
Microsoft Visual Studio Solution File, Format Version 12.00
# Visual Studio Version 17
VisualStudioVersion = 17.9.34723.18
MinimumVisualStudioVersion = 10.0.40219.1
Project("{FAE04EC0-301F-11D3-BF4B-00C04F79EFBC}") = "Gestion", "Gestion\Gestion.csproj", "{A6D057D2-061C-4938-8096-22C0EDBEBEEE}"
EndProject
Project("{FAE04EC0-301F-11D3-BF4B-00C04F79EFBC}") = "proyecto", "proyecto\proyecto.csproj", "{3340FF42-2A8F-4A89-948A-17EEADF73028}"
EndProject
Global
	GlobalSection(SolutionConfigurationPlatforms) = preSolution
		Debug|Any CPU = Debug|Any CPU
		Release|Any CPU = Release|Any CPU
	EndGlobalSection
	GlobalSection(ProjectConfigurationPlatforms) = postSolution
		{A6D057D2-061C-4938-8096-22C0EDBEBEEE}.Debug|Any CPU.ActiveCfg = Debug|Any CPU
		{A6D057D2-061C-4938-8096-22C0EDBEBEEE}.Debug|Any CPU.Build.0 = Debug|Any CPU
		{A6D057D2-061C-4938-8096-22C0EDBEBEEE}.Release|Any CPU.ActiveCfg = Release|Any CPU
		{A6D057D2-061C-4938-8096-22C0EDBEBEEE}.Release|Any CPU.Build.0 = Release|Any CPU
		{3340FF42-2A8F-4A89-948A-17EEADF73028}.Debug|Any CPU.ActiveCfg = Debug|Any CPU
		{3340FF42-2A8F-4A89-948A-17EEADF73028}.Debug|Any CPU.Build.0 = Debug|Any CPU
		{3340FF42-2A8F-4A89-948A-17EEADF73028}.Release|Any CPU.ActiveCfg = Release|Any CPU
		{3340FF42-2A8F-4A89-948A-17EEADF73028}.Release|Any CPU.Build.0 = Release|Any CPU
	EndGlobalSection
	GlobalSection(SolutionProperties) = preSolution
		HideSolutionNode = FALSE
	EndGlobalSection
	GlobalSection(ExtensibilityGlobals) = postSolution
		SolutionGuid = {269DB0FC-59BA-4903-89A9-7FAD8B9EF0AC}
	EndGlobalSection
EndGlobal
